{
  "name": "get_bilibili",
  "version": "1.0.0",
  "lockfileVersion": 1,
  "requires": true,
  "dependencies": {
    "commander": {
      "version": "4.1.1",
      "resolved": "https://repo.corp.qunar.com/artifactory/api/npm/npm-qunar/commander/download/commander-4.1.1.tgz",
      "integrity": "sha1-n9YCvZNilOnp70aj9NaWQESxgGg="
    },
    "mkdirp": {
      "version": "1.0.3",
      "resolved": "https://repo.corp.qunar.com/artifactory/api/npm/npm-qunar/mkdirp/download/mkdirp-1.0.3.tgz",
      "integrity": "sha1-TPLjCtRZWd3epTrZfVGLbIIF4eo="
    }
  }
}
